
Microsoft Visual Studio Solution File, Format Version 12.00
# Visual Studio Version 17
VisualStudioVersion = 17.0.31612.314
MinimumVisualStudioVersion = 10.0.40219.1
Project("{9A19103F-16F7-4668-BE54-9A1E7A4F7556}") = "Otokoneko.Plugins.Interface", "Otokoneko.Plugins.Interface\Otokoneko.Plugins.Interface.csproj", "{59935794-D97A-4C6A-A56F-4699EBBC0DE3}"
EndProject
Project("{9A19103F-16F7-4668-BE54-9A1E7A4F7556}") = "Otokoneko.Plugins.Dmzj", "Otokoneko.Plugins.Dmzj\Otokoneko.Plugins.Dmzj.csproj", "{B9962DF8-187C-42DC-AEF9-F138AA482A4B}"
EndProject
Project("{9A19103F-16F7-4668-BE54-9A1E7A4F7556}") = "Otokoneko.Plugins.CopyManga", "Otokoneko.Plugins.CopyManga\Otokoneko.Plugins.CopyManga.csproj", "{63A7688C-A3F8-4626-9424-3183BCB37438}"
EndProject
Project("{9A19103F-16F7-4668-BE54-9A1E7A4F7556}") = "Otokoneko.Plugins.NHentai", "Otokoneko.Plugins.NHentai\Otokoneko.Plugins.NHentai.csproj", "{877A2952-80F1-47AE-B229-E76652EB1A24}"
EndProject
Project("{9A19103F-16F7-4668-BE54-9A1E7A4F7556}") = "Otokoneko.Plugins.Manhuagui", "Otokoneko.Plugins.Manhuagui\Otokoneko.Plugins.Manhuagui.csproj", "{20F3799D-650D-457B-B573-911E3D2E84BE}"
EndProject
Project("{D954291E-2A0B-460D-934E-DC6B0785DB48}") = "Otokoneko.Plugins.Base", "Otokoneko.Plugins.Base\Otokoneko.Plugins.Base.shproj", "{9FF64158-5822-485A-B82F-606037300004}"
EndProject
Global
	GlobalSection(SharedMSBuildProjectFiles) = preSolution
		Otokoneko.Plugins.Base\Otokoneko.Plugins.Base.projitems*{20f3799d-650d-457b-b573-911e3d2e84be}*SharedItemsImports = 5
		Otokoneko.Plugins.Base\Otokoneko.Plugins.Base.projitems*{63a7688c-a3f8-4626-9424-3183bcb37438}*SharedItemsImports = 5
		Otokoneko.Plugins.Base\Otokoneko.Plugins.Base.projitems*{9ff64158-5822-485a-b82f-606037300004}*SharedItemsImports = 13
		Otokoneko.Plugins.Base\Otokoneko.Plugins.Base.projitems*{b9962df8-187c-42dc-aef9-f138aa482a4b}*SharedItemsImports = 5
	EndGlobalSection
	GlobalSection(SolutionConfigurationPlatforms) = preSolution
		Debug|Any CPU = Debug|Any CPU
		Release|Any CPU = Release|Any CPU
	EndGlobalSection
	GlobalSection(ProjectConfigurationPlatforms) = postSolution
		{59935794-D97A-4C6A-A56F-4699EBBC0DE3}.Debug|Any CPU.ActiveCfg = Debug|Any CPU
		{59935794-D97A-4C6A-A56F-4699EBBC0DE3}.Debug|Any CPU.Build.0 = Debug|Any CPU
		{59935794-D97A-4C6A-A56F-4699EBBC0DE3}.Release|Any CPU.ActiveCfg = Release|Any CPU
		{59935794-D97A-4C6A-A56F-4699EBBC0DE3}.Release|Any CPU.Build.0 = Release|Any CPU
		{B9962DF8-187C-42DC-AEF9-F138AA482A4B}.Debug|Any CPU.ActiveCfg = Debug|Any CPU
		{B9962DF8-187C-42DC-AEF9-F138AA482A4B}.Debug|Any CPU.Build.0 = Debug|Any CPU
		{B9962DF8-187C-42DC-AEF9-F138AA482A4B}.Release|Any CPU.ActiveCfg = Release|Any CPU
		{B9962DF8-187C-42DC-AEF9-F138AA482A4B}.Release|Any CPU.Build.0 = Release|Any CPU
		{63A7688C-A3F8-4626-9424-3183BCB37438}.Debug|Any CPU.ActiveCfg = Debug|Any CPU
		{63A7688C-A3F8-4626-9424-3183BCB37438}.Debug|Any CPU.Build.0 = Debug|Any CPU
		{63A7688C-A3F8-4626-9424-3183BCB37438}.Release|Any CPU.ActiveCfg = Release|Any CPU
		{63A7688C-A3F8-4626-9424-3183BCB37438}.Release|Any CPU.Build.0 = Release|Any CPU
		{877A2952-80F1-47AE-B229-E76652EB1A24}.Debug|Any CPU.ActiveCfg = Debug|Any CPU
		{877A2952-80F1-47AE-B229-E76652EB1A24}.Debug|Any CPU.Build.0 = Debug|Any CPU
		{877A2952-80F1-47AE-B229-E76652EB1A24}.Release|Any CPU.ActiveCfg = Release|Any CPU
		{877A2952-80F1-47AE-B229-E76652EB1A24}.Release|Any CPU.Build.0 = Release|Any CPU
		{20F3799D-650D-457B-B573-911E3D2E84BE}.Debug|Any CPU.ActiveCfg = Debug|Any CPU
		{20F3799D-650D-457B-B573-911E3D2E84BE}.Debug|Any CPU.Build.0 = Debug|Any CPU
		{20F3799D-650D-457B-B573-911E3D2E84BE}.Release|Any CPU.ActiveCfg = Release|Any CPU
		{20F3799D-650D-457B-B573-911E3D2E84BE}.Release|Any CPU.Build.0 = Release|Any CPU
	EndGlobalSection
	GlobalSection(SolutionProperties) = preSolution
		HideSolutionNode = FALSE
	EndGlobalSection
	GlobalSection(ExtensibilityGlobals) = postSolution
		SolutionGuid = {F6CD3F23-3361-4E17-A3CF-68B13F42A0F5}
	EndGlobalSection
EndGlobal
